
Microsoft Visual Studio Solution File, Format Version 12.00
# Visual Studio Version 17
VisualStudioVersion = 17.6.33829.357
MinimumVisualStudioVersion = 10.0.40219.1
Project("{9A19103F-16F7-4668-BE54-9A1E7A4F7556}") = "APIecommerce", "ecommerceAPI\APIecommerce.csproj", "{63B1DB70-2C52-42D5-92C5-4A75A9034C61}"
EndProject
Project("{FAE04EC0-301F-11D3-BF4B-00C04F79EFBC}") = "DAL", "DAL\DAL.csproj", "{0D7A67E7-25BF-4B5F-A190-A0D7A2DDDD9A}"
EndProject
Project("{FAE04EC0-301F-11D3-BF4B-00C04F79EFBC}") = "BLL", "BLL\BLL.csproj", "{82AE45A1-9699-47BC-B7A3-477D4327700A}"
EndProject
Global
	GlobalSection(SolutionConfigurationPlatforms) = preSolution
		Debug|Any CPU = Debug|Any CPU
		Release|Any CPU = Release|Any CPU
	EndGlobalSection
	GlobalSection(ProjectConfigurationPlatforms) = postSolution
		{63B1DB70-2C52-42D5-92C5-4A75A9034C61}.Debug|Any CPU.ActiveCfg = Debug|Any CPU
		{63B1DB70-2C52-42D5-92C5-4A75A9034C61}.Debug|Any CPU.Build.0 = Debug|Any CPU
		{63B1DB70-2C52-42D5-92C5-4A75A9034C61}.Release|Any CPU.ActiveCfg = Release|Any CPU
		{63B1DB70-2C52-42D5-92C5-4A75A9034C61}.Release|Any CPU.Build.0 = Release|Any CPU
		{0D7A67E7-25BF-4B5F-A190-A0D7A2DDDD9A}.Debug|Any CPU.ActiveCfg = Debug|Any CPU
		{0D7A67E7-25BF-4B5F-A190-A0D7A2DDDD9A}.Debug|Any CPU.Build.0 = Debug|Any CPU
		{0D7A67E7-25BF-4B5F-A190-A0D7A2DDDD9A}.Release|Any CPU.ActiveCfg = Release|Any CPU
		{0D7A67E7-25BF-4B5F-A190-A0D7A2DDDD9A}.Release|Any CPU.Build.0 = Release|Any CPU
		{82AE45A1-9699-47BC-B7A3-477D4327700A}.Debug|Any CPU.ActiveCfg = Debug|Any CPU
		{82AE45A1-9699-47BC-B7A3-477D4327700A}.Debug|Any CPU.Build.0 = Debug|Any CPU
		{82AE45A1-9699-47BC-B7A3-477D4327700A}.Release|Any CPU.ActiveCfg = Release|Any CPU
		{82AE45A1-9699-47BC-B7A3-477D4327700A}.Release|Any CPU.Build.0 = Release|Any CPU
	EndGlobalSection
	GlobalSection(SolutionProperties) = preSolution
		HideSolutionNode = FALSE
	EndGlobalSection
	GlobalSection(ExtensibilityGlobals) = postSolution
		SolutionGuid = {FAE857E3-4475-4201-BFA0-EFF4A49FF9D7}
	EndGlobalSection
EndGlobal
